<?xml version="1.0" encoding="utf-8"?>
<Project ToolsVersion="4.0" xmlns="http://schemas.microsoft.com/developer/msbuild/2003">
  <ItemGroup>
    <Filter Include="Исходные файлы">
      <UniqueIdentifier>{4FC737F1-C7A5-4376-A066-2A32D752A2FF}</UniqueIdentifier>
      <Extensions>cpp;c;cc;cxx;c++;cppm;ixx;def;odl;idl;hpj;bat;asm;asmx</Extensions>
    </Filter>
    <Filter Include="Файлы заголовков">
      <UniqueIdentifier>{93995380-89BD-4b04-88EB-625FBE52EBFB}</UniqueIdentifier>
      <Extensions>h;hh;hpp;hxx;h++;hm;inl;inc;ipp;xsd</Extensions>
    </Filter>
    <Filter Include="Файлы ресурсов">
      <UniqueIdentifier>{67DA6AB6-F800-4c08-8B7A-83BB121AAD01}</UniqueIdentifier>
      <Extensions>rc;ico;cur;bmp;dlg;rc2;rct;bin;rgs;gif;jpg;jpeg;jpe;resx;tiff;tif;png;wav;mfcribbon-ms</Extensions>
    </Filter>
    <Filter Include="Файлы заголовков\TetrisLogic">
      <UniqueIdentifier>{030e801c-2eb1-4496-b2a0-966904a12612}</UniqueIdentifier>
    </Filter>
    <Filter Include="Файлы заголовков\TetrisVisual">
      <UniqueIdentifier>{f374ae97-bb66-4672-8376-cb362f9d776e}</UniqueIdentifier>
    </Filter>
    <Filter Include="Файлы заголовков\States">
      <UniqueIdentifier>{2e0ed84c-b667-4875-8279-a95e1ed2c5ad}</UniqueIdentifier>
    </Filter>
    <Filter Include="Файлы заголовков\TetrisLogic\Figure">
      <UniqueIdentifier>{9b14b06c-4a43-42cb-8a9b-f09506f799a4}</UniqueIdentifier>
    </Filter>
    <Filter Include="Файлы заголовков\TetrisLogic\Rules">
      <UniqueIdentifier>{1194c771-8b92-4bfa-9cab-80daaface150}</UniqueIdentifier>
    </Filter>
    <Filter Include="Файлы заголовков\ParticleSystem">
      <UniqueIdentifier>{41435a56-4781-4b51-a2f1-8fd99b71e996}</UniqueIdentifier>
    </Filter>
    <Filter Include="Файлы заголовков\ParticleSystem\Affector">
      <UniqueIdentifier>{8a7dff0a-d55e-4466-8e1f-2624872132ee}</UniqueIdentifier>
    </Filter>
    <Filter Include="Файлы заголовков\ParticleSystem\Emitter">
      <UniqueIdentifier>{586ceda2-20bc-455d-94b0-16309363569d}</UniqueIdentifier>
    </Filter>
  </ItemGroup>
  <ItemGroup>
    <ClInclude Include="src\States\InGameState.hpp">
      <Filter>Файлы заголовков\States</Filter>
    </ClInclude>
    <ClInclude Include="src\States\IState.hpp">
      <Filter>Файлы заголовков\States</Filter>
    </ClInclude>
    <ClInclude Include="src\States\MenuState.hpp">
      <Filter>Файлы заголовков\States</Filter>
    </ClInclude>
    <ClInclude Include="src\States\RestartGameState.hpp">
      <Filter>Файлы заголовков\States</Filter>
    </ClInclude>
    <ClInclude Include="src\States\States.hpp">
      <Filter>Файлы заголовков\States</Filter>
    </ClInclude>
    <ClInclude Include="src\TetrisLogic\Rules\IRules.hpp">
      <Filter>Файлы заголовков\TetrisLogic\Rules</Filter>
    </ClInclude>
    <ClInclude Include="src\TetrisLogic\Rules\Rules.hpp">
      <Filter>Файлы заголовков\TetrisLogic\Rules</Filter>
    </ClInclude>
    <ClInclude Include="src\TetrisLogic\Rules\StandartRules.hpp">
      <Filter>Файлы заголовков\TetrisLogic\Rules</Filter>
    </ClInclude>
    <ClInclude Include="src\TetrisLogic\Figure\FigureCubesBody.hpp">
      <Filter>Файлы заголовков\TetrisLogic\Figure</Filter>
    </ClInclude>
    <ClInclude Include="src\TetrisLogic\Figure\Figures.hpp">
      <Filter>Файлы заголовков\TetrisLogic\Figure</Filter>
    </ClInclude>
    <ClInclude Include="src\TetrisLogic\Figure\FigureShapeBody.hpp">
      <Filter>Файлы заголовков\TetrisLogic\Figure</Filter>
    </ClInclude>
    <ClInclude Include="src\TetrisLogic\Figure\IFigure.hpp">
      <Filter>Файлы заголовков\TetrisLogic\Figure</Filter>
    </ClInclude>
    <ClInclude Include="src\TetrisLogic\SelectedFigure.hpp">
      <Filter>Файлы заголовков\TetrisLogic</Filter>
    </ClInclude>
    <ClInclude Include="src\TetrisLogic\Floor.hpp">
      <Filter>Файлы заголовков\TetrisLogic</Filter>
    </ClInclude>
    <ClInclude Include="src\TetrisLogic\Tetris.hpp">
      <Filter>Файлы заголовков\TetrisLogic</Filter>
    </ClInclude>
    <ClInclude Include="src\TetrisVisual\FigureHighLight.hpp">
      <Filter>Файлы заголовков\TetrisVisual</Filter>
    </ClInclude>
    <ClInclude Include="src\TetrisVisual\FigureView.hpp">
      <Filter>Файлы заголовков\TetrisVisual</Filter>
    </ClInclude>
    <ClInclude Include="src\TetrisVisual\FloorView.hpp">
      <Filter>Файлы заголовков\TetrisVisual</Filter>
    </ClInclude>
    <ClInclude Include="src\TetrisVisual\MenuView.hpp">
      <Filter>Файлы заголовков\TetrisVisual</Filter>
    </ClInclude>
    <ClInclude Include="src\TetrisVisual\TetrisView.hpp">
      <Filter>Файлы заголовков\TetrisVisual</Filter>
    </ClInclude>
    <ClInclude Include="src\Event.hpp">
      <Filter>Файлы заголовков</Filter>
    </ClInclude>
    <ClInclude Include="src\Scene.hpp">
      <Filter>Файлы заголовков</Filter>
    </ClInclude>
    <ClInclude Include="src\Vector2f.hpp">
      <Filter>Файлы заголовков</Filter>
    </ClInclude>
    <ClInclude Include="src\ParticleSystem\ParticleSystemConfig.hpp">
      <Filter>Файлы заголовков\ParticleSystem</Filter>
    </ClInclude>
    <ClInclude Include="src\ParticleSystem\IParticle.hpp">
      <Filter>Файлы заголовков\ParticleSystem</Filter>
    </ClInclude>
    <ClInclude Include="src\ParticleSystem\ParticleSystem.hpp">
      <Filter>Файлы заголовков\ParticleSystem</Filter>
    </ClInclude>
    <ClInclude Include="src\ParticleSystem\Particle.hpp">
      <Filter>Файлы заголовков\ParticleSystem</Filter>
    </ClInclude>
    <ClInclude Include="src\ParticleSystem\Affector\IAffector.hpp">
      <Filter>Файлы заголовков\ParticleSystem\Affector</Filter>
    </ClInclude>
    <ClInclude Include="src\ParticleSystem\Emitter\IEmitter.hpp">
      <Filter>Файлы заголовков\ParticleSystem\Emitter</Filter>
    </ClInclude>
    <ClInclude Include="src\ParticleSystem\Affector\DisapperingAffector.hpp">
      <Filter>Файлы заголовков\ParticleSystem\Affector</Filter>
    </ClInclude>
    <ClInclude Include="src\ParticleSystem\Emitter\FromCentrEmitter.hpp">
      <Filter>Файлы заголовков\ParticleSystem\Emitter</Filter>
    </ClInclude>
    <ClInclude Include="src\Resources.hpp">
      <Filter>Файлы заголовков</Filter>
    </ClInclude>
    <ClInclude Include="resource.h">
      <Filter>Файлы заголовков</Filter>
    </ClInclude>
  </ItemGroup>
  <ItemGroup>
    <ClCompile Include="src\main.cpp">
      <Filter>Исходные файлы</Filter>
    </ClCompile>
  </ItemGroup>
  <ItemGroup>
    <ResourceCompile Include="PhysicTetris.rc">
      <Filter>Файлы ресурсов</Filter>
    </ResourceCompile>
  </ItemGroup>
  <ItemGroup>
    <Image Include="res\back.png">
      <Filter>Файлы ресурсов</Filter>
    </Image>
    <Image Include="res\ground.png">
      <Filter>Файлы ресурсов</Filter>
    </Image>
    <Image Include="res\tiles.png">
      <Filter>Файлы ресурсов</Filter>
    </Image>
  </ItemGroup>
  <ItemGroup>
    <Font Include="res\font.otf" />
  </ItemGroup>
</Project>